// !$*UTF8*$!
{
	archiveVersion = 1;
	classes = {
	};
	objectVersion = 46;
	objects = {

/* Begin PBXBuildFile section */
		8C438AAE1BF9DF09002D2869 /* AppDelegate.swift in Sources */ = {isa = PBXBuildFile; fileRef = 8C438AAD1BF9DF09002D2869 /* AppDelegate.swift */; };
		8C438AB01BF9DF09002D2869 /* ViewController.swift in Sources */ = {isa = PBXBuildFile; fileRef = 8C438AAF1BF9DF09002D2869 /* ViewController.swift */; };
		8C438AB31BF9DF09002D2869 /* Main.storyboard in Resources */ = {isa = PBXBuildFile; fileRef = 8C438AB11BF9DF09002D2869 /* Main.storyboard */; };
		8C438AB51BF9DF09002D2869 /* Assets.xcassets in Resources */ = {isa = PBXBuildFile; fileRef = 8C438AB41BF9DF09002D2869 /* Assets.xcassets */; };
		8C438AB81BF9DF09002D2869 /* LaunchScreen.storyboard in Resources */ = {isa = PBXBuildFile; fileRef = 8C438AB61BF9DF09002D2869 /* LaunchScreen.storyboard */; };
		8C438AC31BF9DF09002D2869 /* aplhaDexTests.swift in Sources */ = {isa = PBXBuildFile; fileRef = 8C438AC21BF9DF09002D2869 /* aplhaDexTests.swift */; };
		8C438ACE1BF9DF09002D2869 /* aplhaDexUITests.swift in Sources */ = {isa = PBXBuildFile; fileRef = 8C438ACD1BF9DF09002D2869 /* aplhaDexUITests.swift */; };
/* End PBXBuildFile section */

/* Begin PBXContainerItemProxy section */
		8C438ABF1BF9DF09002D2869 /* PBXContainerItemProxy */ = {
			isa = PBXContainerItemProxy;
			containerPortal = 8C438AA21BF9DF09002D2869 /* Project object */;
			proxyType = 1;
			remoteGlobalIDString = 8C438AA91BF9DF09002D2869;
			remoteInfo = aplhaDex;
		};
		8C438ACA1BF9DF09002D2869 /* PBXContainerItemProxy */ = {
			isa = PBXContainerItemProxy;
			containerPortal = 8C438AA21BF9DF09002D2869 /* Project object */;
			proxyType = 1;
			remoteGlobalIDString = 8C438AA91BF9DF09002D2869;
			remoteInfo = aplhaDex;
		};
/* End PBXContainerItemProxy section */

/* Begin PBXFileReference section */
		8C438AAA1BF9DF09002D2869 /* aplhaDex.app */ = {isa = PBXFileReference; explicitFileType = wrapper.application; includeInIndex = 0; path = aplhaDex.app; sourceTree = BUILT_PRODUCTS_DIR; };
		8C438AAD1BF9DF09002D2869 /* AppDelegate.swift */ = {isa = PBXFileReference; lastKnownFileType = sourcecode.swift; path = AppDelegate.swift; sourceTree = "<group>"; };
		8C438AAF1BF9DF09002D2869 /* ViewController.swift */ = {isa = PBXFileReference; lastKnownFileType = sourcecode.swift; path = ViewController.swift; sourceTree = "<group>"; };
		8C438AB21BF9DF09002D2869 /* Base */ = {isa = PBXFileReference; lastKnownFileType = file.storyboard; name = Base; path = Base.lproj/Main.storyboard; sourceTree = "<group>"; };
		8C438AB41BF9DF09002D2869 /* Assets.xcassets */ = {isa = PBXFileReference; lastKnownFileType = folder.assetcatalog; path = Assets.xcassets; sourceTree = "<group>"; };
		8C438AB71BF9DF09002D2869 /* Base */ = {isa = PBXFileReference; lastKnownFileType = file.storyboard; name = Base; path = Base.lproj/LaunchScreen.storyboard; sourceTree = "<group>"; };
		8C438AB91BF9DF09002D2869 /* Info.plist */ = {isa = PBXFileReference; lastKnownFileType = text.plist.xml; path = Info.plist; sourceTree = "<group>"; };
		8C438ABE1BF9DF09002D2869 /* aplhaDexTests.xctest */ = {isa = PBXFileReference; explicitFileType = wrapper.cfbundle; includeInIndex = 0; path = aplhaDexTests.xctest; sourceTree = BUILT_PRODUCTS_DIR; };
		8C438AC21BF9DF09002D2869 /* aplhaDexTests.swift */ = {isa = PBXFileReference; lastKnownFileType = sourcecode.swift; path = aplhaDexTests.swift; sourceTree = "<group>"; };
		8C438AC41BF9DF09002D2869 /* Info.plist */ = {isa = PBXFileReference; lastKnownFileType = text.plist.xml; path = Info.plist; sourceTree = "<group>"; };
		8C438AC91BF9DF09002D2869 /* aplhaDexUITests.xctest */ = {isa = PBXFileReference; explicitFileType = wrapper.cfbundle; includeInIndex = 0; path = aplhaDexUITests.xctest; sourceTree = BUILT_PRODUCTS_DIR; };
		8C438ACD1BF9DF09002D2869 /* aplhaDexUITests.swift */ = {isa = PBXFileReference; lastKnownFileType = sourcecode.swift; path = aplhaDexUITests.swift; sourceTree = "<group>"; };
		8C438ACF1BF9DF09002D2869 /* Info.plist */ = {isa = PBXFileReference; lastKnownFileType = text.plist.xml; path = Info.plist; sourceTree = "<group>"; };
/* End PBXFileReference section */

/* Begin PBXFrameworksBuildPhase section */
		8C438AA71BF9DF09002D2869 /* Frameworks */ = {
			isa = PBXFrameworksBuildPhase;
			buildActionMask = 2147483647;
			files = (
			);
			runOnlyForDeploymentPostprocessing = 0;
		};
		8C438ABB1BF9DF09002D2869 /* Frameworks */ = {
			isa = PBXFrameworksBuildPhase;
			buildActionMask = 2147483647;
			files = (
			);
			runOnlyForDeploymentPostprocessing = 0;
		};
		8C438AC61BF9DF09002D2869 /* Frameworks */ = {
			isa = PBXFrameworksBuildPhase;
			buildActionMask = 2147483647;
			files = (
			);
			runOnlyForDeploymentPostprocessing = 0;
		};
/* End PBXFrameworksBuildPhase section */

/* Begin PBXGroup section */
		8C438AA11BF9DF09002D2869 = {
			isa = PBXGroup;
			children = (
				8C438AAC1BF9DF09002D2869 /* aplhaDex */,
				8C438AC11BF9DF09002D2869 /* aplhaDexTests */,
				8C438ACC1BF9DF09002D2869 /* aplhaDexUITests */,
				8C438AAB1BF9DF09002D2869 /* Products */,
			);
			sourceTree = "<group>";
		};
		8C438AAB1BF9DF09002D2869 /* Products */ = {
			isa = PBXGroup;
			children = (
				8C438AAA1BF9DF09002D2869 /* aplhaDex.app */,
				8C438ABE1BF9DF09002D2869 /* aplhaDexTests.xctest */,
				8C438AC91BF9DF09002D2869 /* aplhaDexUITests.xctest */,
			);
			name = Products;
			sourceTree = "<group>";
		};
		8C438AAC1BF9DF09002D2869 /* aplhaDex */ = {
			isa = PBXGroup;
			children = (
				8C438AAD1BF9DF09002D2869 /* AppDelegate.swift */,
				8C438AAF1BF9DF09002D2869 /* ViewController.swift */,
				8C438AB11BF9DF09002D2869 /* Main.storyboard */,
				8C438AB41BF9DF09002D2869 /* Assets.xcassets */,
				8C438AB61BF9DF09002D2869 /* LaunchScreen.storyboard */,
				8C438AB91BF9DF09002D2869 /* Info.plist */,
			);
			path = aplhaDex;
			sourceTree = "<group>";
		};
		8C438AC11BF9DF09002D2869 /* aplhaDexTests */ = {
			isa = PBXGroup;
			children = (
				8C438AC21BF9DF09002D2869 /* aplhaDexTests.swift */,
				8C438AC41BF9DF09002D2869 /* Info.plist */,
			);
			path = aplhaDexTests;
			sourceTree = "<group>";
		};
		8C438ACC1BF9DF09002D2869 /* aplhaDexUITests */ = {
			isa = PBXGroup;
			children = (
				8C438ACD1BF9DF09002D2869 /* aplhaDexUITests.swift */,
				8C438ACF1BF9DF09002D2869 /* Info.plist */,
			);
			path = aplhaDexUITests;
			sourceTree = "<group>";
		};
/* End PBXGroup section */

/* Begin PBXNativeTarget section */
		8C438AA91BF9DF09002D2869 /* aplhaDex */ = {
			isa = PBXNativeTarget;
			buildConfigurationList = 8C438AD21BF9DF09002D2869 /* Build configuration list for PBXNativeTarget "aplhaDex" */;
			buildPhases = (
				8C438AA61BF9DF09002D2869 /* Sources */,
				8C438AA71BF9DF09002D2869 /* Frameworks */,
				8C438AA81BF9DF09002D2869 /* Resources */,
			);
			buildRules = (
			);
			dependencies = (
			);
			name = aplhaDex;
			productName = aplhaDex;
			productReference = 8C438AAA1BF9DF09002D2869 /* aplhaDex.app */;
			productType = "com.apple.product-type.application";
		};
		8C438ABD1BF9DF09002D2869 /* aplhaDexTests */ = {
			isa = PBXNativeTarget;
			buildConfigurationList = 8C438AD51BF9DF09002D2869 /* Build configuration list for PBXNativeTarget "aplhaDexTests" */;
			buildPhases = (
				8C438ABA1BF9DF09002D2869 /* Sources */,
				8C438ABB1BF9DF09002D2869 /* Frameworks */,
				8C438ABC1BF9DF09002D2869 /* Resources */,
			);
			buildRules = (
			);
			dependencies = (
				8C438AC01BF9DF09002D2869 /* PBXTargetDependency */,
			);
			name = aplhaDexTests;
			productName = aplhaDexTests;
			productReference = 8C438ABE1BF9DF09002D2869 /* aplhaDexTests.xctest */;
			productType = "com.apple.product-type.bundle.unit-test";
		};
		8C438AC81BF9DF09002D2869 /* aplhaDexUITests */ = {
			isa = PBXNativeTarget;
			buildConfigurationList = 8C438AD81BF9DF09002D2869 /* Build configuration list for PBXNativeTarget "aplhaDexUITests" */;
			buildPhases = (
				8C438AC51BF9DF09002D2869 /* Sources */,
				8C438AC61BF9DF09002D2869 /* Frameworks */,
				8C438AC71BF9DF09002D2869 /* Resources */,
			);
			buildRules = (
			);
			dependencies = (
				8C438ACB1BF9DF09002D2869 /* PBXTargetDependency */,
			);
			name = aplhaDexUITests;
			productName = aplhaDexUITests;
			productReference = 8C438AC91BF9DF09002D2869 /* aplhaDexUITests.xctest */;
			productType = "com.apple.product-type.bundle.ui-testing";
		};
/* End PBXNativeTarget section */

/* Begin PBXProject section */
		8C438AA21BF9DF09002D2869 /* Project object */ = {
			isa = PBXProject;
			attributes = {
				LastSwiftUpdateCheck = 0710;
				LastUpgradeCheck = 0710;
				ORGANIZATIONNAME = "Jordy Groote";
				TargetAttributes = {
					8C438AA91BF9DF09002D2869 = {
						CreatedOnToolsVersion = 7.1.1;
						DevelopmentTeam = 7F3GKCVXEK;
					};
					8C438ABD1BF9DF09002D2869 = {
						CreatedOnToolsVersion = 7.1.1;
						DevelopmentTeam = 7F3GKCVXEK;
						TestTargetID = 8C438AA91BF9DF09002D2869;
					};
					8C438AC81BF9DF09002D2869 = {
						CreatedOnToolsVersion = 7.1.1;
						DevelopmentTeam = 7F3GKCVXEK;
						TestTargetID = 8C438AA91BF9DF09002D2869;
					};
				};
			};
			buildConfigurationList = 8C438AA51BF9DF09002D2869 /* Build configuration list for PBXProject "aplhaDex" */;
			compatibilityVersion = "Xcode 3.2";
			developmentRegion = English;
			hasScannedForEncodings = 0;
			knownRegions = (
				en,
				Base,
			);
			mainGroup = 8C438AA11BF9DF09002D2869;
			productRefGroup = 8C438AAB1BF9DF09002D2869 /* Products */;
			projectDirPath = "";
			projectRoot = "";
			targets = (
				8C438AA91BF9DF09002D2869 /* aplhaDex */,
				8C438ABD1BF9DF09002D2869 /* aplhaDexTests */,
				8C438AC81BF9DF09002D2869 /* aplhaDexUITests */,
			);
		};
/* End PBXProject section */

/* Begin PBXResourcesBuildPhase section */
		8C438AA81BF9DF09002D2869 /* Resources */ = {
			isa = PBXResourcesBuildPhase;
			buildActionMask = 2147483647;
			files = (
				8C438AB81BF9DF09002D2869 /* LaunchScreen.storyboard in Resources */,
				8C438AB51BF9DF09002D2869 /* Assets.xcassets in Resources */,
				8C438AB31BF9DF09002D2869 /* Main.storyboard in Resources */,
			);
			runOnlyForDeploymentPostprocessing = 0;
		};
		8C438ABC1BF9DF09002D2869 /* Resources */ = {
			isa = PBXResourcesBuildPhase;
			buildActionMask = 2147483647;
			files = (
			);
			runOnlyForDeploymentPostprocessing = 0;
		};
		8C438AC71BF9DF09002D2869 /* Resources */ = {
			isa = PBXResourcesBuildPhase;
			buildActionMask = 2147483647;
			files = (
			);
			runOnlyForDeploymentPostprocessing = 0;
		};
/* End PBXResourcesBuildPhase section */

/* Begin PBXSourcesBuildPhase section */
		8C438AA61BF9DF09002D2869 /* Sources */ = {
			isa = PBXSourcesBuildPhase;
			buildActionMask = 2147483647;
			files = (
				8C438AB01BF9DF09002D2869 /* ViewController.swift in Sources */,
				8C438AAE1BF9DF09002D2869 /* AppDelegate.swift in Sources */,
			);
			runOnlyForDeploymentPostprocessing = 0;
		};
		8C438ABA1BF9DF09002D2869 /* Sources */ = {
			isa = PBXSourcesBuildPhase;
			buildActionMask = 2147483647;
			files = (
				8C438AC31BF9DF09002D2869 /* aplhaDexTests.swift in Sources */,
			);
			runOnlyForDeploymentPostprocessing = 0;
		};
		8C438AC51BF9DF09002D2869 /* Sources */ = {
			isa = PBXSourcesBuildPhase;
			buildActionMask = 2147483647;
			files = (
				8C438ACE1BF9DF09002D2869 /* aplhaDexUITests.swift in Sources */,
			);
			runOnlyForDeploymentPostprocessing = 0;
		};
/* End PBXSourcesBuildPhase section */

/* Begin PBXTargetDependency section */
		8C438AC01BF9DF09002D2869 /* PBXTargetDependency */ = {
			isa = PBXTargetDependency;
			target = 8C438AA91BF9DF09002D2869 /* aplhaDex */;
			targetProxy = 8C438ABF1BF9DF09002D2869 /* PBXContainerItemProxy */;
		};
		8C438ACB1BF9DF09002D2869 /* PBXTargetDependency */ = {
			isa = PBXTargetDependency;
			target = 8C438AA91BF9DF09002D2869 /* aplhaDex */;
			targetProxy = 8C438ACA1BF9DF09002D2869 /* PBXContainerItemProxy */;
		};
/* End PBXTargetDependency section */

/* Begin PBXVariantGroup section */
		8C438AB11BF9DF09002D2869 /* Main.storyboard */ = {
			isa = PBXVariantGroup;
			children = (
				8C438AB21BF9DF09002D2869 /* Base */,
			);
			name = Main.storyboard;
			sourceTree = "<group>";
		};
		8C438AB61BF9DF09002D2869 /* LaunchScreen.storyboard */ = {
			isa = PBXVariantGroup;
			children = (
				8C438AB71BF9DF09002D2869 /* Base */,
			);
			name = LaunchScreen.storyboard;
			sourceTree = "<group>";
		};
/* End PBXVariantGroup section */

/* Begin XCBuildConfiguration section */
		8C438AD01BF9DF09002D2869 /* Debug */ = {
			isa = XCBuildConfiguration;
			buildSettings = {
				ALWAYS_SEARCH_USER_PATHS = NO;
				CLANG_CXX_LANGUAGE_STANDARD = "gnu++0x";
				CLANG_CXX_LIBRARY = "libc++";
				CLANG_ENABLE_MODULES = YES;
				CLANG_ENABLE_OBJC_ARC = YES;
				CLANG_WARN_BOOL_CONVERSION = YES;
				CLANG_WARN_CONSTANT_CONVERSION = YES;
				CLANG_WARN_DIRECT_OBJC_ISA_USAGE = YES_ERROR;
				CLANG_WARN_EMPTY_BODY = YES;
				CLANG_WARN_ENUM_CONVERSION = YES;
				CLANG_WARN_INT_CONVERSION = YES;
				CLANG_WARN_OBJC_ROOT_CLASS = YES_ERROR;
				CLANG_WARN_UNREACHABLE_CODE = YES;
				CLANG_WARN__DUPLICATE_METHOD_MATCH = YES;
				"CODE_SIGN_IDENTITY[sdk=iphoneos*]" = "iPhone Developer";
				COPY_PHASE_STRIP = NO;
				DEBUG_INFORMATION_FORMAT = dwarf;
				ENABLE_STRICT_OBJC_MSGSEND = YES;
				ENABLE_TESTABILITY = YES;
				GCC_C_LANGUAGE_STANDARD = gnu99;
				GCC_DYNAMIC_NO_PIC = NO;
				GCC_NO_COMMON_BLOCKS = YES;
				GCC_OPTIMIZATION_LEVEL = 0;
				GCC_PREPROCESSOR_DEFINITIONS = (
					"DEBUG=1",
					"$(inherited)",
				);
				GCC_WARN_64_TO_32_BIT_CONVERSION = YES;
				GCC_WARN_ABOUT_RETURN_TYPE = YES_ERROR;
				GCC_WARN_UNDECLARED_SELECTOR = YES;
				GCC_WARN_UNINITIALIZED_AUTOS = YES_AGGRESSIVE;
				GCC_WARN_UNUSED_FUNCTION = YES;
				GCC_WARN_UNUSED_VARIABLE = YES;
				IPHONEOS_DEPLOYMENT_TARGET = 9.1;
				MTL_ENABLE_DEBUG_INFO = YES;
				ONLY_ACTIVE_ARCH = YES;
				SDKROOT = iphoneos;
				SWIFT_OPTIMIZATION_LEVEL = "-Onone";
			};
			name = Debug;
		};
		8C438AD11BF9DF09002D2869 /* Release */ = {
			isa = XCBuildConfiguration;
			buildSettings = {
				ALWAYS_SEARCH_USER_PATHS = NO;
				CLANG_CXX_LANGUAGE_STANDARD = "gnu++0x";
				CLANG_CXX_LIBRARY = "libc++";
				CLANG_ENABLE_MODULES = YES;
				CLANG_ENABLE_OBJC_ARC = YES;
				CLANG_WARN_BOOL_CONVERSION = YES;
				CLANG_WARN_CONSTANT_CONVERSION = YES;
				CLANG_WARN_DIRECT_OBJC_ISA_USAGE = YES_ERROR;
				CLANG_WARN_EMPTY_BODY = YES;
				CLANG_WARN_ENUM_CONVERSION = YES;
				CLANG_WARN_INT_CONVERSION = YES;
				CLANG_WARN_OBJC_ROOT_CLASS = YES_ERROR;
				CLANG_WARN_UNREACHABLE_CODE = YES;
				CLANG_WARN__DUPLICATE_METHOD_MATCH = YES;
				"CODE_SIGN_IDENTITY[sdk=iphoneos*]" = "iPhone Developer";
				COPY_PHASE_STRIP = NO;
				DEBUG_INFORMATION_FORMAT = "dwarf-with-dsym";
				ENABLE_NS_ASSERTIONS = NO;
				ENABLE_STRICT_OBJC_MSGSEND = YES;
				GCC_C_LANGUAGE_STANDARD = gnu99;
				GCC_NO_COMMON_BLOCKS = YES;
				GCC_WARN_64_TO_32_BIT_CONVERSION = YES;
				GCC_WARN_ABOUT_RETURN_TYPE = YES_ERROR;
				GCC_WARN_UNDECLARED_SELECTOR = YES;
				GCC_WARN_UNINITIALIZED_AUTOS = YES_AGGRESSIVE;
				GCC_WARN_UNUSED_FUNCTION = YES;
				GCC_WARN_UNUSED_VARIABLE = YES;
				IPHONEOS_DEPLOYMENT_TARGET = 9.1;
				MTL_ENABLE_DEBUG_INFO = NO;
				SDKROOT = iphoneos;
				VALIDATE_PRODUCT = YES;
			};
			name = Release;
		};
		8C438AD31BF9DF09002D2869 /* Debug */ = {
			isa = XCBuildConfiguration;
			buildSettings = {
				ASSETCATALOG_COMPILER_APPICON_NAME = AppIcon;
				INFOPLIST_FILE = aplhaDex/Info.plist;
				LD_RUNPATH_SEARCH_PATHS = "$(inherited) @executable_path/Frameworks";
				PRODUCT_BUNDLE_IDENTIFIER = nl.jordygroote.aplhaDex;
				PRODUCT_NAME = "$(TARGET_NAME)";
			};
			name = Debug;
		};
		8C438AD41BF9DF09002D2869 /* Release */ = {
			isa = XCBuildConfiguration;
			buildSettings = {
				ASSETCATALOG_COMPILER_APPICON_NAME = AppIcon;
				INFOPLIST_FILE = aplhaDex/Info.plist;
				LD_RUNPATH_SEARCH_PATHS = "$(inherited) @executable_path/Frameworks";
				PRODUCT_BUNDLE_IDENTIFIER = nl.jordygroote.aplhaDex;
				PRODUCT_NAME = "$(TARGET_NAME)";
			};
			name = Release;
		};
		8C438AD61BF9DF09002D2869 /* Debug */ = {
			isa = XCBuildConfiguration;
			buildSettings = {
				BUNDLE_LOADER = "$(TEST_HOST)";
				INFOPLIST_FILE = aplhaDexTests/Info.plist;
				LD_RUNPATH_SEARCH_PATHS = "$(inherited) @executable_path/Frameworks @loader_path/Frameworks";
				PRODUCT_BUNDLE_IDENTIFIER = nl.jordygroote.aplhaDexTests;
				PRODUCT_NAME = "$(TARGET_NAME)";
				TEST_HOST = "$(BUILT_PRODUCTS_DIR)/aplhaDex.app/aplhaDex";
			};
			name = Debug;
		};
		8C438AD71BF9DF09002D2869 /* Release */ = {
			isa = XCBuildConfiguration;
			buildSettings = {
				BUNDLE_LOADER = "$(TEST_HOST)";
				INFOPLIST_FILE = aplhaDexTests/Info.plist;
				LD_RUNPATH_SEARCH_PATHS = "$(inherited) @executable_path/Frameworks @loader_path/Frameworks";
				PRODUCT_BUNDLE_IDENTIFIER = nl.jordygroote.aplhaDexTests;
				PRODUCT_NAME = "$(TARGET_NAME)";
				TEST_HOST = "$(BUILT_PRODUCTS_DIR)/aplhaDex.app/aplhaDex";
			};
			name = Release;
		};
		8C438AD91BF9DF09002D2869 /* Debug */ = {
			isa = XCBuildConfiguration;
			buildSettings = {
				INFOPLIST_FILE = aplhaDexUITests/Info.plist;
				LD_RUNPATH_SEARCH_PATHS = "$(inherited) @executable_path/Frameworks @loader_path/Frameworks";
				PRODUCT_BUNDLE_IDENTIFIER = nl.jordygroote.aplhaDexUITests;
				PRODUCT_NAME = "$(TARGET_NAME)";
				TEST_TARGET_NAME = aplhaDex;
				USES_XCTRUNNER = YES;
			};
			name = Debug;
		};
		8C438ADA1BF9DF09002D2869 /* Release */ = {
			isa = XCBuildConfiguration;
			buildSettings = {
				INFOPLIST_FILE = aplhaDexUITests/Info.plist;
				LD_RUNPATH_SEARCH_PATHS = "$(inherited) @executable_path/Frameworks @loader_path/Frameworks";
				PRODUCT_BUNDLE_IDENTIFIER = nl.jordygroote.aplhaDexUITests;
				PRODUCT_NAME = "$(TARGET_NAME)";
				TEST_TARGET_NAME = aplhaDex;
				USES_XCTRUNNER = YES;
			};
			name = Release;
		};
/* End XCBuildConfiguration section */

/* Begin XCConfigurationList section */
		8C438AA51BF9DF09002D2869 /* Build configuration list for PBXProject "aplhaDex" */ = {
			isa = XCConfigurationList;
			buildConfigurations = (
				8C438AD01BF9DF09002D2869 /* Debug */,
				8C438AD11BF9DF09002D2869 /* Release */,
			);
			defaultConfigurationIsVisible = 0;
			defaultConfigurationName = Release;
		};
		8C438AD21BF9DF09002D2869 /* Build configuration list for PBXNativeTarget "aplhaDex" */ = {
			isa = XCConfigurationList;
			buildConfigurations = (
				8C438AD31BF9DF09002D2869 /* Debug */,
				8C438AD41BF9DF09002D2869 /* Release */,
			);
			defaultConfigurationIsVisible = 0;
		};
		8C438AD51BF9DF09002D2869 /* Build configuration list for PBXNativeTarget "aplhaDexTests" */ = {
			isa = XCConfigurationList;
			buildConfigurations = (
				8C438AD61BF9DF09002D2869 /* Debug */,
				8C438AD71BF9DF09002D2869 /* Release */,
			);
			defaultConfigurationIsVisible = 0;
		};
		8C438AD81BF9DF09002D2869 /* Build configuration list for PBXNativeTarget "aplhaDexUITests" */ = {
			isa = XCConfigurationList;
			buildConfigurations = (
				8C438AD91BF9DF09002D2869 /* Debug */,
				8C438ADA1BF9DF09002D2869 /* Release */,
			);
			defaultConfigurationIsVisible = 0;
		};
/* End XCConfigurationList section */
	};
	rootObject = 8C438AA21BF9DF09002D2869 /* Project object */;
}
